// !$*UTF8*$!
{
	archiveVersion = 1;
	classes = {
	};
	objectVersion = 56;
	objects = {

/* Begin PBXBuildFile section */
		91464EA52A34C6A1006DF586 /* BmtcMateApp.swift in Sources */ = {isa = PBXBuildFile; fileRef = 91464EA42A34C6A1006DF586 /* BmtcMateApp.swift */; };
		91464EA72A34C6A1006DF586 /* ContentView.swift in Sources */ = {isa = PBXBuildFile; fileRef = 91464EA62A34C6A1006DF586 /* ContentView.swift */; };
		91464EA92A34C6A2006DF586 /* Assets.xcassets in Resources */ = {isa = PBXBuildFile; fileRef = 91464EA82A34C6A2006DF586 /* Assets.xcassets */; };
		91464EAC2A34C6A2006DF586 /* Preview Assets.xcassets in Resources */ = {isa = PBXBuildFile; fileRef = 91464EAB2A34C6A2006DF586 /* Preview Assets.xcassets */; };
		9187CBCD2A34D18400ACB95F /* Localizable.xcstrings in Resources */ = {isa = PBXBuildFile; fileRef = 9187CBCC2A34D18400ACB95F /* Localizable.xcstrings */; };
		9187CBD02A34D1DB00ACB95F /* ScheduledBusRoute.swift in Sources */ = {isa = PBXBuildFile; fileRef = 9187CBCF2A34D1DB00ACB95F /* ScheduledBusRoute.swift */; };
		9187CBD22A34D24600ACB95F /* ScheduledBusesView.swift in Sources */ = {isa = PBXBuildFile; fileRef = 9187CBD12A34D24600ACB95F /* ScheduledBusesView.swift */; };
		9187CBD42A34D39B00ACB95F /* ScheduledBusInfoView.swift in Sources */ = {isa = PBXBuildFile; fileRef = 9187CBD32A34D39B00ACB95F /* ScheduledBusInfoView.swift */; };
		9187CBDC2A34DCE100ACB95F /* WidgetKit.framework in Frameworks */ = {isa = PBXBuildFile; fileRef = 9187CBDB2A34DCE100ACB95F /* WidgetKit.framework */; };
		9187CBDE2A34DCE100ACB95F /* SwiftUI.framework in Frameworks */ = {isa = PBXBuildFile; fileRef = 9187CBDD2A34DCE100ACB95F /* SwiftUI.framework */; };
		9187CBE12A34DCE100ACB95F /* BmtcMateWidgetBundle.swift in Sources */ = {isa = PBXBuildFile; fileRef = 9187CBE02A34DCE100ACB95F /* BmtcMateWidgetBundle.swift */; };
		9187CBE52A34DCE100ACB95F /* BmtcMateWidget.swift in Sources */ = {isa = PBXBuildFile; fileRef = 9187CBE42A34DCE100ACB95F /* BmtcMateWidget.swift */; };
		9187CBE72A34DCE200ACB95F /* Assets.xcassets in Resources */ = {isa = PBXBuildFile; fileRef = 9187CBE62A34DCE200ACB95F /* Assets.xcassets */; };
		9187CBEB2A34DCE200ACB95F /* BmtcMateWidgetExtension.appex in Embed Foundation Extensions */ = {isa = PBXBuildFile; fileRef = 9187CBD92A34DCE100ACB95F /* BmtcMateWidgetExtension.appex */; settings = {ATTRIBUTES = (RemoveHeadersOnCopy, ); }; };
		9187CBF12A34ECBD00ACB95F /* ScheduledBusStop.swift in Sources */ = {isa = PBXBuildFile; fileRef = 9187CBF02A34ECBD00ACB95F /* ScheduledBusStop.swift */; };
		9187CC082A3512A700ACB95F /* lib in Resources */ = {isa = PBXBuildFile; fileRef = 9187CC062A3512A700ACB95F /* lib */; };
		9187CC092A3512A700ACB95F /* include in Resources */ = {isa = PBXBuildFile; fileRef = 9187CC072A3512A700ACB95F /* include */; };
/* End PBXBuildFile section */

/* Begin PBXContainerItemProxy section */
		9187CBE92A34DCE200ACB95F /* PBXContainerItemProxy */ = {
			isa = PBXContainerItemProxy;
			containerPortal = 91464E992A34C6A1006DF586 /* Project object */;
			proxyType = 1;
			remoteGlobalIDString = 9187CBD82A34DCE100ACB95F;
			remoteInfo = BmtcMateWidgetExtension;
		};
/* End PBXContainerItemProxy section */

/* Begin PBXCopyFilesBuildPhase section */
		9187CBEF2A34DCE200ACB95F /* Embed Foundation Extensions */ = {
			isa = PBXCopyFilesBuildPhase;
			buildActionMask = 2147483647;
			dstPath = "";
			dstSubfolderSpec = 13;
			files = (
				9187CBEB2A34DCE200ACB95F /* BmtcMateWidgetExtension.appex in Embed Foundation Extensions */,
			);
			name = "Embed Foundation Extensions";
			runOnlyForDeploymentPostprocessing = 0;
		};
/* End PBXCopyFilesBuildPhase section */

/* Begin PBXFileReference section */
		91464EA12A34C6A1006DF586 /* BmtcMate.app */ = {isa = PBXFileReference; explicitFileType = wrapper.application; includeInIndex = 0; path = BmtcMate.app; sourceTree = BUILT_PRODUCTS_DIR; };
		91464EA42A34C6A1006DF586 /* BmtcMateApp.swift */ = {isa = PBXFileReference; lastKnownFileType = sourcecode.swift; path = BmtcMateApp.swift; sourceTree = "<group>"; };
		91464EA62A34C6A1006DF586 /* ContentView.swift */ = {isa = PBXFileReference; lastKnownFileType = sourcecode.swift; path = ContentView.swift; sourceTree = "<group>"; };
		91464EA82A34C6A2006DF586 /* Assets.xcassets */ = {isa = PBXFileReference; lastKnownFileType = folder.assetcatalog; path = Assets.xcassets; sourceTree = "<group>"; };
		91464EAB2A34C6A2006DF586 /* Preview Assets.xcassets */ = {isa = PBXFileReference; lastKnownFileType = folder.assetcatalog; path = "Preview Assets.xcassets"; sourceTree = "<group>"; };
		9187CBCC2A34D18400ACB95F /* Localizable.xcstrings */ = {isa = PBXFileReference; lastKnownFileType = text.json.xcstrings; path = Localizable.xcstrings; sourceTree = "<group>"; };
		9187CBCF2A34D1DB00ACB95F /* ScheduledBusRoute.swift */ = {isa = PBXFileReference; lastKnownFileType = sourcecode.swift; path = ScheduledBusRoute.swift; sourceTree = "<group>"; };
		9187CBD12A34D24600ACB95F /* ScheduledBusesView.swift */ = {isa = PBXFileReference; lastKnownFileType = sourcecode.swift; path = ScheduledBusesView.swift; sourceTree = "<group>"; };
		9187CBD32A34D39B00ACB95F /* ScheduledBusInfoView.swift */ = {isa = PBXFileReference; lastKnownFileType = sourcecode.swift; path = ScheduledBusInfoView.swift; sourceTree = "<group>"; };
		9187CBD92A34DCE100ACB95F /* BmtcMateWidgetExtension.appex */ = {isa = PBXFileReference; explicitFileType = "wrapper.app-extension"; includeInIndex = 0; path = BmtcMateWidgetExtension.appex; sourceTree = BUILT_PRODUCTS_DIR; };
		9187CBDB2A34DCE100ACB95F /* WidgetKit.framework */ = {isa = PBXFileReference; lastKnownFileType = wrapper.framework; name = WidgetKit.framework; path = System/Library/Frameworks/WidgetKit.framework; sourceTree = SDKROOT; };
		9187CBDD2A34DCE100ACB95F /* SwiftUI.framework */ = {isa = PBXFileReference; lastKnownFileType = wrapper.framework; name = SwiftUI.framework; path = System/Library/Frameworks/SwiftUI.framework; sourceTree = SDKROOT; };
		9187CBE02A34DCE100ACB95F /* BmtcMateWidgetBundle.swift */ = {isa = PBXFileReference; lastKnownFileType = sourcecode.swift; path = BmtcMateWidgetBundle.swift; sourceTree = "<group>"; };
		9187CBE42A34DCE100ACB95F /* BmtcMateWidget.swift */ = {isa = PBXFileReference; lastKnownFileType = sourcecode.swift; path = BmtcMateWidget.swift; sourceTree = "<group>"; };
		9187CBE62A34DCE200ACB95F /* Assets.xcassets */ = {isa = PBXFileReference; lastKnownFileType = folder.assetcatalog; path = Assets.xcassets; sourceTree = "<group>"; };
		9187CBE82A34DCE200ACB95F /* Info.plist */ = {isa = PBXFileReference; lastKnownFileType = text.plist.xml; path = Info.plist; sourceTree = "<group>"; };
		9187CBF02A34ECBD00ACB95F /* ScheduledBusStop.swift */ = {isa = PBXFileReference; lastKnownFileType = sourcecode.swift; path = ScheduledBusStop.swift; sourceTree = "<group>"; };
		9187CC062A3512A700ACB95F /* lib */ = {isa = PBXFileReference; lastKnownFileType = folder; path = lib; sourceTree = "<group>"; };
		9187CC072A3512A700ACB95F /* include */ = {isa = PBXFileReference; lastKnownFileType = folder; name = include; path = /Users/vasumd/XCodeProjects/BmtcMate/include; sourceTree = "<absolute>"; };
		9187CC0A2A3512F800ACB95F /* BmtcMate-Bridging-Header.h */ = {isa = PBXFileReference; lastKnownFileType = sourcecode.c.h; path = "BmtcMate-Bridging-Header.h"; sourceTree = "<group>"; };
		9187CC0E2A35154D00ACB95F /* BmtcLib.hpp */ = {isa = PBXFileReference; fileEncoding = 4; lastKnownFileType = sourcecode.cpp.h; path = BmtcLib.hpp; sourceTree = "<group>"; };
		9187CC0F2A3515B400ACB95F /* module.modulemap */ = {isa = PBXFileReference; lastKnownFileType = "sourcecode.module-map"; path = module.modulemap; sourceTree = "<group>"; };
/* End PBXFileReference section */

/* Begin PBXFrameworksBuildPhase section */
		91464E9E2A34C6A1006DF586 /* Frameworks */ = {
			isa = PBXFrameworksBuildPhase;
			buildActionMask = 2147483647;
			files = (
			);
			runOnlyForDeploymentPostprocessing = 0;
		};
		9187CBD62A34DCE100ACB95F /* Frameworks */ = {
			isa = PBXFrameworksBuildPhase;
			buildActionMask = 2147483647;
			files = (
				9187CBDE2A34DCE100ACB95F /* SwiftUI.framework in Frameworks */,
				9187CBDC2A34DCE100ACB95F /* WidgetKit.framework in Frameworks */,
			);
			runOnlyForDeploymentPostprocessing = 0;
		};
/* End PBXFrameworksBuildPhase section */

/* Begin PBXGroup section */
		91464E982A34C6A1006DF586 = {
			isa = PBXGroup;
			children = (
				9187CC072A3512A700ACB95F /* include */,
				9187CC062A3512A700ACB95F /* lib */,
				91464EA32A34C6A1006DF586 /* BmtcMate */,
				9187CBDF2A34DCE100ACB95F /* BmtcMateWidget */,
				9187CBDA2A34DCE100ACB95F /* Frameworks */,
				91464EA22A34C6A1006DF586 /* Products */,
			);
			sourceTree = "<group>";
		};
		91464EA22A34C6A1006DF586 /* Products */ = {
			isa = PBXGroup;
			children = (
				91464EA12A34C6A1006DF586 /* BmtcMate.app */,
				9187CBD92A34DCE100ACB95F /* BmtcMateWidgetExtension.appex */,
			);
			name = Products;
			sourceTree = "<group>";
		};
		91464EA32A34C6A1006DF586 /* BmtcMate */ = {
			isa = PBXGroup;
			children = (
				9187CC0E2A35154D00ACB95F /* BmtcLib.hpp */,
				9187CBCE2A34D1CB00ACB95F /* Model */,
				91464EA42A34C6A1006DF586 /* BmtcMateApp.swift */,
				91464EA62A34C6A1006DF586 /* ContentView.swift */,
				9187CBD12A34D24600ACB95F /* ScheduledBusesView.swift */,
				9187CBD32A34D39B00ACB95F /* ScheduledBusInfoView.swift */,
				91464EA82A34C6A2006DF586 /* Assets.xcassets */,
				91464EAA2A34C6A2006DF586 /* Preview Content */,
				9187CBCC2A34D18400ACB95F /* Localizable.xcstrings */,
				9187CC0A2A3512F800ACB95F /* BmtcMate-Bridging-Header.h */,
				9187CC0F2A3515B400ACB95F /* module.modulemap */,
			);
			path = BmtcMate;
			sourceTree = "<group>";
		};
		91464EAA2A34C6A2006DF586 /* Preview Content */ = {
			isa = PBXGroup;
			children = (
				91464EAB2A34C6A2006DF586 /* Preview Assets.xcassets */,
			);
			path = "Preview Content";
			sourceTree = "<group>";
		};
		9187CBCE2A34D1CB00ACB95F /* Model */ = {
			isa = PBXGroup;
			children = (
				9187CBCF2A34D1DB00ACB95F /* ScheduledBusRoute.swift */,
				9187CBF02A34ECBD00ACB95F /* ScheduledBusStop.swift */,
			);
			path = Model;
			sourceTree = "<group>";
		};
		9187CBDA2A34DCE100ACB95F /* Frameworks */ = {
			isa = PBXGroup;
			children = (
				9187CBDB2A34DCE100ACB95F /* WidgetKit.framework */,
				9187CBDD2A34DCE100ACB95F /* SwiftUI.framework */,
			);
			name = Frameworks;
			sourceTree = "<group>";
		};
		9187CBDF2A34DCE100ACB95F /* BmtcMateWidget */ = {
			isa = PBXGroup;
			children = (
				9187CBE02A34DCE100ACB95F /* BmtcMateWidgetBundle.swift */,
				9187CBE42A34DCE100ACB95F /* BmtcMateWidget.swift */,
				9187CBE62A34DCE200ACB95F /* Assets.xcassets */,
				9187CBE82A34DCE200ACB95F /* Info.plist */,
			);
			path = BmtcMateWidget;
			sourceTree = "<group>";
		};
/* End PBXGroup section */

/* Begin PBXNativeTarget section */
		91464EA02A34C6A1006DF586 /* BmtcMate */ = {
			isa = PBXNativeTarget;
			buildConfigurationList = 91464EB12A34C6A2006DF586 /* Build configuration list for PBXNativeTarget "BmtcMate" */;
			buildPhases = (
				91464E9D2A34C6A1006DF586 /* Sources */,
				91464E9E2A34C6A1006DF586 /* Frameworks */,
				91464E9F2A34C6A1006DF586 /* Resources */,
				9187CBEF2A34DCE200ACB95F /* Embed Foundation Extensions */,
			);
			buildRules = (
			);
			dependencies = (
				9187CBEA2A34DCE200ACB95F /* PBXTargetDependency */,
			);
			name = BmtcMate;
			productName = BmtcMate;
			productReference = 91464EA12A34C6A1006DF586 /* BmtcMate.app */;
			productType = "com.apple.product-type.application";
		};
		9187CBD82A34DCE100ACB95F /* BmtcMateWidgetExtension */ = {
			isa = PBXNativeTarget;
			buildConfigurationList = 9187CBEC2A34DCE200ACB95F /* Build configuration list for PBXNativeTarget "BmtcMateWidgetExtension" */;
			buildPhases = (
				9187CBD52A34DCE100ACB95F /* Sources */,
				9187CBD62A34DCE100ACB95F /* Frameworks */,
				9187CBD72A34DCE100ACB95F /* Resources */,
			);
			buildRules = (
			);
			dependencies = (
			);
			name = BmtcMateWidgetExtension;
			productName = BmtcMateWidgetExtension;
			productReference = 9187CBD92A34DCE100ACB95F /* BmtcMateWidgetExtension.appex */;
			productType = "com.apple.product-type.app-extension";
		};
/* End PBXNativeTarget section */

/* Begin PBXProject section */
		91464E992A34C6A1006DF586 /* Project object */ = {
			isa = PBXProject;
			attributes = {
				BuildIndependentTargetsInParallel = 1;
				LastSwiftUpdateCheck = 1500;
				LastUpgradeCheck = 1500;
				TargetAttributes = {
					91464EA02A34C6A1006DF586 = {
						CreatedOnToolsVersion = 15.0;
						LastSwiftMigration = 1500;
					};
					9187CBD82A34DCE100ACB95F = {
						CreatedOnToolsVersion = 15.0;
					};
				};
			};
			buildConfigurationList = 91464E9C2A34C6A1006DF586 /* Build configuration list for PBXProject "BmtcMate" */;
			compatibilityVersion = "Xcode 14.0";
			developmentRegion = en;
			hasScannedForEncodings = 0;
			knownRegions = (
				en,
				Base,
			);
			mainGroup = 91464E982A34C6A1006DF586;
			productRefGroup = 91464EA22A34C6A1006DF586 /* Products */;
			projectDirPath = "";
			projectRoot = "";
			targets = (
				91464EA02A34C6A1006DF586 /* BmtcMate */,
				9187CBD82A34DCE100ACB95F /* BmtcMateWidgetExtension */,
			);
		};
/* End PBXProject section */

/* Begin PBXResourcesBuildPhase section */
		91464E9F2A34C6A1006DF586 /* Resources */ = {
			isa = PBXResourcesBuildPhase;
			buildActionMask = 2147483647;
			files = (
				91464EAC2A34C6A2006DF586 /* Preview Assets.xcassets in Resources */,
				91464EA92A34C6A2006DF586 /* Assets.xcassets in Resources */,
				9187CC082A3512A700ACB95F /* lib in Resources */,
				9187CC092A3512A700ACB95F /* include in Resources */,
				9187CBCD2A34D18400ACB95F /* Localizable.xcstrings in Resources */,
			);
			runOnlyForDeploymentPostprocessing = 0;
		};
		9187CBD72A34DCE100ACB95F /* Resources */ = {
			isa = PBXResourcesBuildPhase;
			buildActionMask = 2147483647;
			files = (
				9187CBE72A34DCE200ACB95F /* Assets.xcassets in Resources */,
			);
			runOnlyForDeploymentPostprocessing = 0;
		};
/* End PBXResourcesBuildPhase section */

/* Begin PBXSourcesBuildPhase section */
		91464E9D2A34C6A1006DF586 /* Sources */ = {
			isa = PBXSourcesBuildPhase;
			buildActionMask = 2147483647;
			files = (
				91464EA72A34C6A1006DF586 /* ContentView.swift in Sources */,
				9187CBD22A34D24600ACB95F /* ScheduledBusesView.swift in Sources */,
				9187CBD42A34D39B00ACB95F /* ScheduledBusInfoView.swift in Sources */,
				9187CBD02A34D1DB00ACB95F /* ScheduledBusRoute.swift in Sources */,
				9187CBF12A34ECBD00ACB95F /* ScheduledBusStop.swift in Sources */,
				91464EA52A34C6A1006DF586 /* BmtcMateApp.swift in Sources */,
			);
			runOnlyForDeploymentPostprocessing = 0;
		};
		9187CBD52A34DCE100ACB95F /* Sources */ = {
			isa = PBXSourcesBuildPhase;
			buildActionMask = 2147483647;
			files = (
				9187CBE52A34DCE100ACB95F /* BmtcMateWidget.swift in Sources */,
				9187CBE12A34DCE100ACB95F /* BmtcMateWidgetBundle.swift in Sources */,
			);
			runOnlyForDeploymentPostprocessing = 0;
		};
/* End PBXSourcesBuildPhase section */

/* Begin PBXTargetDependency section */
		9187CBEA2A34DCE200ACB95F /* PBXTargetDependency */ = {
			isa = PBXTargetDependency;
			target = 9187CBD82A34DCE100ACB95F /* BmtcMateWidgetExtension */;
			targetProxy = 9187CBE92A34DCE200ACB95F /* PBXContainerItemProxy */;
		};
/* End PBXTargetDependency section */

/* Begin XCBuildConfiguration section */
		91464EAF2A34C6A2006DF586 /* Debug */ = {
			isa = XCBuildConfiguration;
			buildSettings = {
				ALWAYS_SEARCH_USER_PATHS = NO;
				ASSETCATALOG_COMPILER_GENERATE_SWIFT_ASSET_SYMBOL_EXTENSIONS = YES;
				CLANG_ANALYZER_NONNULL = YES;
				CLANG_ANALYZER_NUMBER_OBJECT_CONVERSION = YES_AGGRESSIVE;
				CLANG_CXX_LANGUAGE_STANDARD = "gnu++20";
				CLANG_ENABLE_MODULES = YES;
				CLANG_ENABLE_OBJC_ARC = YES;
				CLANG_ENABLE_OBJC_WEAK = YES;
				CLANG_WARN_BLOCK_CAPTURE_AUTORELEASING = YES;
				CLANG_WARN_BOOL_CONVERSION = YES;
				CLANG_WARN_COMMA = YES;
				CLANG_WARN_CONSTANT_CONVERSION = YES;
				CLANG_WARN_DEPRECATED_OBJC_IMPLEMENTATIONS = YES;
				CLANG_WARN_DIRECT_OBJC_ISA_USAGE = YES_ERROR;
				CLANG_WARN_DOCUMENTATION_COMMENTS = YES;
				CLANG_WARN_EMPTY_BODY = YES;
				CLANG_WARN_ENUM_CONVERSION = YES;
				CLANG_WARN_INFINITE_RECURSION = YES;
				CLANG_WARN_INT_CONVERSION = YES;
				CLANG_WARN_NON_LITERAL_NULL_CONVERSION = YES;
				CLANG_WARN_OBJC_IMPLICIT_RETAIN_SELF = YES;
				CLANG_WARN_OBJC_LITERAL_CONVERSION = YES;
				CLANG_WARN_OBJC_ROOT_CLASS = YES_ERROR;
				CLANG_WARN_QUOTED_INCLUDE_IN_FRAMEWORK_HEADER = YES;
				CLANG_WARN_RANGE_LOOP_ANALYSIS = YES;
				CLANG_WARN_STRICT_PROTOTYPES = YES;
				CLANG_WARN_SUSPICIOUS_MOVE = YES;
				CLANG_WARN_UNGUARDED_AVAILABILITY = YES_AGGRESSIVE;
				CLANG_WARN_UNREACHABLE_CODE = YES;
				CLANG_WARN__DUPLICATE_METHOD_MATCH = YES;
				COPY_PHASE_STRIP = NO;
				DEBUG_INFORMATION_FORMAT = dwarf;
				ENABLE_STRICT_OBJC_MSGSEND = YES;
				ENABLE_TESTABILITY = YES;
				ENABLE_USER_SCRIPT_SANDBOXING = YES;
				GCC_C_LANGUAGE_STANDARD = gnu17;
				GCC_DYNAMIC_NO_PIC = NO;
				GCC_NO_COMMON_BLOCKS = YES;
				GCC_OPTIMIZATION_LEVEL = 0;
				GCC_PREPROCESSOR_DEFINITIONS = (
					"DEBUG=1",
					"$(inherited)",
				);
				GCC_WARN_64_TO_32_BIT_CONVERSION = YES;
				GCC_WARN_ABOUT_RETURN_TYPE = YES_ERROR;
				GCC_WARN_UNDECLARED_SELECTOR = YES;
				GCC_WARN_UNINITIALIZED_AUTOS = YES_AGGRESSIVE;
				GCC_WARN_UNUSED_FUNCTION = YES;
				GCC_WARN_UNUSED_VARIABLE = YES;
				IPHONEOS_DEPLOYMENT_TARGET = 17.0;
				LOCALIZATION_PREFERS_STRING_CATALOGS = YES;
				MTL_ENABLE_DEBUG_INFO = INCLUDE_SOURCE;
				MTL_FAST_MATH = YES;
				ONLY_ACTIVE_ARCH = YES;
				SDKROOT = iphoneos;
				SWIFT_ACTIVE_COMPILATION_CONDITIONS = "DEBUG $(inherited)";
				SWIFT_OPTIMIZATION_LEVEL = "-Onone";
			};
			name = Debug;
		};
		91464EB02A34C6A2006DF586 /* Release */ = {
			isa = XCBuildConfiguration;
			buildSettings = {
				ALWAYS_SEARCH_USER_PATHS = NO;
				ASSETCATALOG_COMPILER_GENERATE_SWIFT_ASSET_SYMBOL_EXTENSIONS = YES;
				CLANG_ANALYZER_NONNULL = YES;
				CLANG_ANALYZER_NUMBER_OBJECT_CONVERSION = YES_AGGRESSIVE;
				CLANG_CXX_LANGUAGE_STANDARD = "gnu++20";
				CLANG_ENABLE_MODULES = YES;
				CLANG_ENABLE_OBJC_ARC = YES;
				CLANG_ENABLE_OBJC_WEAK = YES;
				CLANG_WARN_BLOCK_CAPTURE_AUTORELEASING = YES;
				CLANG_WARN_BOOL_CONVERSION = YES;
				CLANG_WARN_COMMA = YES;
				CLANG_WARN_CONSTANT_CONVERSION = YES;
				CLANG_WARN_DEPRECATED_OBJC_IMPLEMENTATIONS = YES;
				CLANG_WARN_DIRECT_OBJC_ISA_USAGE = YES_ERROR;
				CLANG_WARN_DOCUMENTATION_COMMENTS = YES;
				CLANG_WARN_EMPTY_BODY = YES;
				CLANG_WARN_ENUM_CONVERSION = YES;
				CLANG_WARN_INFINITE_RECURSION = YES;
				CLANG_WARN_INT_CONVERSION = YES;
				CLANG_WARN_NON_LITERAL_NULL_CONVERSION = YES;
				CLANG_WARN_OBJC_IMPLICIT_RETAIN_SELF = YES;
				CLANG_WARN_OBJC_LITERAL_CONVERSION = YES;
				CLANG_WARN_OBJC_ROOT_CLASS = YES_ERROR;
				CLANG_WARN_QUOTED_INCLUDE_IN_FRAMEWORK_HEADER = YES;
				CLANG_WARN_RANGE_LOOP_ANALYSIS = YES;
				CLANG_WARN_STRICT_PROTOTYPES = YES;
				CLANG_WARN_SUSPICIOUS_MOVE = YES;
				CLANG_WARN_UNGUARDED_AVAILABILITY = YES_AGGRESSIVE;
				CLANG_WARN_UNREACHABLE_CODE = YES;
				CLANG_WARN__DUPLICATE_METHOD_MATCH = YES;
				COPY_PHASE_STRIP = NO;
				DEBUG_INFORMATION_FORMAT = "dwarf-with-dsym";
				ENABLE_NS_ASSERTIONS = NO;
				ENABLE_STRICT_OBJC_MSGSEND = YES;
				ENABLE_USER_SCRIPT_SANDBOXING = YES;
				GCC_C_LANGUAGE_STANDARD = gnu17;
				GCC_NO_COMMON_BLOCKS = YES;
				GCC_WARN_64_TO_32_BIT_CONVERSION = YES;
				GCC_WARN_ABOUT_RETURN_TYPE = YES_ERROR;
				GCC_WARN_UNDECLARED_SELECTOR = YES;
				GCC_WARN_UNINITIALIZED_AUTOS = YES_AGGRESSIVE;
				GCC_WARN_UNUSED_FUNCTION = YES;
				GCC_WARN_UNUSED_VARIABLE = YES;
				IPHONEOS_DEPLOYMENT_TARGET = 17.0;
				LOCALIZATION_PREFERS_STRING_CATALOGS = YES;
				MTL_ENABLE_DEBUG_INFO = NO;
				MTL_FAST_MATH = YES;
				SDKROOT = iphoneos;
				SWIFT_COMPILATION_MODE = wholemodule;
				VALIDATE_PRODUCT = YES;
			};
			name = Release;
		};
		91464EB22A34C6A2006DF586 /* Debug */ = {
			isa = XCBuildConfiguration;
			buildSettings = {
				ALWAYS_EMBED_SWIFT_STANDARD_LIBRARIES = YES;
				ASSETCATALOG_COMPILER_APPICON_NAME = AppIcon;
				ASSETCATALOG_COMPILER_GLOBAL_ACCENT_COLOR_NAME = AccentColor;
				CLANG_ENABLE_MODULES = YES;
				CODE_SIGN_STYLE = Automatic;
				CURRENT_PROJECT_VERSION = 1;
				DEVELOPMENT_ASSET_PATHS = "\"BmtcMate/Preview Content\"";
				ENABLE_PREVIEWS = YES;
				GENERATE_INFOPLIST_FILE = YES;
				HEADER_SEARCH_PATHS = "${PROJECT_DIR}/include";
				INFOPLIST_KEY_UIApplicationSceneManifest_Generation = YES;
				INFOPLIST_KEY_UIApplicationSupportsIndirectInputEvents = YES;
				INFOPLIST_KEY_UILaunchScreen_Generation = YES;
				INFOPLIST_KEY_UISupportedInterfaceOrientations_iPad = "UIInterfaceOrientationPortrait UIInterfaceOrientationPortraitUpsideDown UIInterfaceOrientationLandscapeLeft UIInterfaceOrientationLandscapeRight";
				INFOPLIST_KEY_UISupportedInterfaceOrientations_iPhone = "UIInterfaceOrientationPortrait UIInterfaceOrientationLandscapeLeft UIInterfaceOrientationLandscapeRight";
				LD_RUNPATH_SEARCH_PATHS = (
					"$(inherited)",
					"@executable_path/Frameworks",
				);
				MARKETING_VERSION = 1.0;
				OTHER_SWIFT_FLAGS = "-cxx-interoperability-mode=default";
				PRODUCT_BUNDLE_IDENTIFIER = io.github.InnateMC.BmtcMate;
				PRODUCT_NAME = "$(TARGET_NAME)";
				SWIFT_EMIT_LOC_STRINGS = YES;
				SWIFT_OBJC_BRIDGING_HEADER = "BmtcMate/BmtcMate-Bridging-Header.h";
				SWIFT_OPTIMIZATION_LEVEL = "-Onone";
				SWIFT_VERSION = 5.0;
				TARGETED_DEVICE_FAMILY = "1,2";
			};
			name = Debug;
		};
		91464EB32A34C6A2006DF586 /* Release */ = {
			isa = XCBuildConfiguration;
			buildSettings = {
				ALWAYS_EMBED_SWIFT_STANDARD_LIBRARIES = YES;
				ASSETCATALOG_COMPILER_APPICON_NAME = AppIcon;
				ASSETCATALOG_COMPILER_GLOBAL_ACCENT_COLOR_NAME = AccentColor;
				CLANG_ENABLE_MODULES = YES;
				CODE_SIGN_STYLE = Automatic;
				CURRENT_PROJECT_VERSION = 1;
				DEVELOPMENT_ASSET_PATHS = "\"BmtcMate/Preview Content\"";
				ENABLE_PREVIEWS = YES;
				GENERATE_INFOPLIST_FILE = YES;
				HEADER_SEARCH_PATHS = "${PROJECT_DIR}/include";
				INFOPLIST_KEY_UIApplicationSceneManifest_Generation = YES;
				INFOPLIST_KEY_UIApplicationSupportsIndirectInputEvents = YES;
				INFOPLIST_KEY_UILaunchScreen_Generation = YES;
				INFOPLIST_KEY_UISupportedInterfaceOrientations_iPad = "UIInterfaceOrientationPortrait UIInterfaceOrientationPortraitUpsideDown UIInterfaceOrientationLandscapeLeft UIInterfaceOrientationLandscapeRight";
				INFOPLIST_KEY_UISupportedInterfaceOrientations_iPhone = "UIInterfaceOrientationPortrait UIInterfaceOrientationLandscapeLeft UIInterfaceOrientationLandscapeRight";
				LD_RUNPATH_SEARCH_PATHS = (
					"$(inherited)",
					"@executable_path/Frameworks",
				);
				MARKETING_VERSION = 1.0;
				OTHER_SWIFT_FLAGS = "-cxx-interoperability-mode=default";
				PRODUCT_BUNDLE_IDENTIFIER = io.github.InnateMC.BmtcMate;
				PRODUCT_NAME = "$(TARGET_NAME)";
				SWIFT_EMIT_LOC_STRINGS = YES;
				SWIFT_OBJC_BRIDGING_HEADER = "BmtcMate/BmtcMate-Bridging-Header.h";
				SWIFT_VERSION = 5.0;
				TARGETED_DEVICE_FAMILY = "1,2";
			};
			name = Release;
		};
		9187CBED2A34DCE200ACB95F /* Debug */ = {
			isa = XCBuildConfiguration;
			buildSettings = {
				ASSETCATALOG_COMPILER_GLOBAL_ACCENT_COLOR_NAME = AccentColor;
				ASSETCATALOG_COMPILER_WIDGET_BACKGROUND_COLOR_NAME = WidgetBackground;
				CODE_SIGN_STYLE = Automatic;
				CURRENT_PROJECT_VERSION = 1;
				GENERATE_INFOPLIST_FILE = YES;
				INFOPLIST_FILE = BmtcMateWidget/Info.plist;
				INFOPLIST_KEY_CFBundleDisplayName = BmtcMateWidget;
				INFOPLIST_KEY_NSHumanReadableCopyright = "";
				LD_RUNPATH_SEARCH_PATHS = (
					"$(inherited)",
					"@executable_path/Frameworks",
					"@executable_path/../../Frameworks",
				);
				MARKETING_VERSION = 1.0;
				PRODUCT_BUNDLE_IDENTIFIER = io.github.InnateMC.BmtcMate.BmtcMateWidget;
				PRODUCT_NAME = "$(TARGET_NAME)";
				SKIP_INSTALL = YES;
				SWIFT_EMIT_LOC_STRINGS = YES;
				SWIFT_VERSION = 5.0;
				TARGETED_DEVICE_FAMILY = "1,2";
			};
			name = Debug;
		};
		9187CBEE2A34DCE200ACB95F /* Release */ = {
			isa = XCBuildConfiguration;
			buildSettings = {
				ASSETCATALOG_COMPILER_GLOBAL_ACCENT_COLOR_NAME = AccentColor;
				ASSETCATALOG_COMPILER_WIDGET_BACKGROUND_COLOR_NAME = WidgetBackground;
				CODE_SIGN_STYLE = Automatic;
				CURRENT_PROJECT_VERSION = 1;
				GENERATE_INFOPLIST_FILE = YES;
				INFOPLIST_FILE = BmtcMateWidget/Info.plist;
				INFOPLIST_KEY_CFBundleDisplayName = BmtcMateWidget;
				INFOPLIST_KEY_NSHumanReadableCopyright = "";
				LD_RUNPATH_SEARCH_PATHS = (
					"$(inherited)",
					"@executable_path/Frameworks",
					"@executable_path/../../Frameworks",
				);
				MARKETING_VERSION = 1.0;
				PRODUCT_BUNDLE_IDENTIFIER = io.github.InnateMC.BmtcMate.BmtcMateWidget;
				PRODUCT_NAME = "$(TARGET_NAME)";
				SKIP_INSTALL = YES;
				SWIFT_EMIT_LOC_STRINGS = YES;
				SWIFT_VERSION = 5.0;
				TARGETED_DEVICE_FAMILY = "1,2";
			};
			name = Release;
		};
/* End XCBuildConfiguration section */

/* Begin XCConfigurationList section */
		91464E9C2A34C6A1006DF586 /* Build configuration list for PBXProject "BmtcMate" */ = {
			isa = XCConfigurationList;
			buildConfigurations = (
				91464EAF2A34C6A2006DF586 /* Debug */,
				91464EB02A34C6A2006DF586 /* Release */,
			);
			defaultConfigurationIsVisible = 0;
			defaultConfigurationName = Release;
		};
		91464EB12A34C6A2006DF586 /* Build configuration list for PBXNativeTarget "BmtcMate" */ = {
			isa = XCConfigurationList;
			buildConfigurations = (
				91464EB22A34C6A2006DF586 /* Debug */,
				91464EB32A34C6A2006DF586 /* Release */,
			);
			defaultConfigurationIsVisible = 0;
			defaultConfigurationName = Release;
		};
		9187CBEC2A34DCE200ACB95F /* Build configuration list for PBXNativeTarget "BmtcMateWidgetExtension" */ = {
			isa = XCConfigurationList;
			buildConfigurations = (
				9187CBED2A34DCE200ACB95F /* Debug */,
				9187CBEE2A34DCE200ACB95F /* Release */,
			);
			defaultConfigurationIsVisible = 0;
			defaultConfigurationName = Release;
		};
/* End XCConfigurationList section */
	};
	rootObject = 91464E992A34C6A1006DF586 /* Project object */;
}
